
Microsoft Visual Studio Solution File, Format Version 12.00
# Visual Studio Version 16
VisualStudioVersion = 16.0.33214.272
MinimumVisualStudioVersion = 10.0.40219.1
Project("{F184B08F-C81C-45F6-A57F-5ABD9991F28F}") = "MidtermProject", "MidtermProject.vbproj", "{44AD1688-215C-486C-9BA9-561FB123D8D7}"
EndProject
Global
	GlobalSection(SolutionConfigurationPlatforms) = preSolution
		Debug|Any CPU = Debug|Any CPU
		Release|Any CPU = Release|Any CPU
	EndGlobalSection
	GlobalSection(ProjectConfigurationPlatforms) = postSolution
		{44AD1688-215C-486C-9BA9-561FB123D8D7}.Debug|Any CPU.ActiveCfg = Debug|Any CPU
		{44AD1688-215C-486C-9BA9-561FB123D8D7}.Debug|Any CPU.Build.0 = Debug|Any CPU
		{44AD1688-215C-486C-9BA9-561FB123D8D7}.Release|Any CPU.ActiveCfg = Release|Any CPU
		{44AD1688-215C-486C-9BA9-561FB123D8D7}.Release|Any CPU.Build.0 = Release|Any CPU
	EndGlobalSection
	GlobalSection(SolutionProperties) = preSolution
		HideSolutionNode = FALSE
	EndGlobalSection
	GlobalSection(ExtensibilityGlobals) = postSolution
		SolutionGuid = {D41E49B6-FF46-40DE-B6E9-05F69B6D5D7D}
	EndGlobalSection
EndGlobal
